
Microsoft Visual Studio Solution File, Format Version 12.00
# Visual Studio Version 17
VisualStudioVersion = 17.1.32414.318
MinimumVisualStudioVersion = 10.0.40219.1
Project("{FAE04EC0-301F-11D3-BF4B-00C04F79EFBC}") = "tomatoShop", "tomatoShop.csproj", "{89014563-888E-48E4-A1A6-FD811ECC283E}"
EndProject
Global
	GlobalSection(SolutionConfigurationPlatforms) = preSolution
		Debug|Any CPU = Debug|Any CPU
		Release|Any CPU = Release|Any CPU
	EndGlobalSection
	GlobalSection(ProjectConfigurationPlatforms) = postSolution
		{89014563-888E-48E4-A1A6-FD811ECC283E}.Debug|Any CPU.ActiveCfg = Debug|Any CPU
		{89014563-888E-48E4-A1A6-FD811ECC283E}.Debug|Any CPU.Build.0 = Debug|Any CPU
		{89014563-888E-48E4-A1A6-FD811ECC283E}.Release|Any CPU.ActiveCfg = Release|Any CPU
		{89014563-888E-48E4-A1A6-FD811ECC283E}.Release|Any CPU.Build.0 = Release|Any CPU
	EndGlobalSection
	GlobalSection(SolutionProperties) = preSolution
		HideSolutionNode = FALSE
	EndGlobalSection
	GlobalSection(ExtensibilityGlobals) = postSolution
		SolutionGuid = {F52A007B-BA62-4E1A-AE26-D833B6D1A000}
	EndGlobalSection
EndGlobal
